
Microsoft Visual Studio Solution File, Format Version 12.00
# Visual Studio Version 17
VisualStudioVersion = 17.9.34622.214
MinimumVisualStudioVersion = 10.0.40219.1
Project("{888888A0-9F3D-457C-B088-3A5042F75D52}") = "PerceptronXOR", "PerceptronXOR.pyproj", "{01DE5735-C047-4420-B45F-ECE308F8DD44}"
EndProject
Global
	GlobalSection(SolutionConfigurationPlatforms) = preSolution
		Debug|Any CPU = Debug|Any CPU
		Release|Any CPU = Release|Any CPU
	EndGlobalSection
	GlobalSection(ProjectConfigurationPlatforms) = postSolution
		{01DE5735-C047-4420-B45F-ECE308F8DD44}.Debug|Any CPU.ActiveCfg = Debug|Any CPU
		{01DE5735-C047-4420-B45F-ECE308F8DD44}.Release|Any CPU.ActiveCfg = Release|Any CPU
	EndGlobalSection
	GlobalSection(SolutionProperties) = preSolution
		HideSolutionNode = FALSE
	EndGlobalSection
	GlobalSection(ExtensibilityGlobals) = postSolution
		SolutionGuid = {A563ED6E-29C9-4B8E-9519-537E7D91036F}
	EndGlobalSection
EndGlobal
